// !$*UTF8*$!
{
	archiveVersion = 1;
	classes = {
	};
	objectVersion = 46;
	objects = {

/* Begin PBXBuildFile section */
		C890D75A1D0D4F780078E4AD /* main.m in Sources */ = {isa = PBXBuildFile; fileRef = C890D7591D0D4F780078E4AD /* main.m */; };
		C890D75D1D0D4F790078E4AD /* AppDelegate.m in Sources */ = {isa = PBXBuildFile; fileRef = C890D75C1D0D4F790078E4AD /* AppDelegate.m */; };
		C890D7601D0D4F790078E4AD /* ViewController.m in Sources */ = {isa = PBXBuildFile; fileRef = C890D75F1D0D4F790078E4AD /* ViewController.m */; };
		C890D7631D0D4F790078E4AD /* Main.storyboard in Resources */ = {isa = PBXBuildFile; fileRef = C890D7611D0D4F790078E4AD /* Main.storyboard */; };
		C890D7651D0D4F790078E4AD /* Assets.xcassets in Resources */ = {isa = PBXBuildFile; fileRef = C890D7641D0D4F790078E4AD /* Assets.xcassets */; };
		C890D7681D0D4F790078E4AD /* LaunchScreen.storyboard in Resources */ = {isa = PBXBuildFile; fileRef = C890D7661D0D4F790078E4AD /* LaunchScreen.storyboard */; };
		C890D7701D0D4FB40078E4AD /* KeychainAccessGroups.plist in Resources */ = {isa = PBXBuildFile; fileRef = C890D76F1D0D4FB40078E4AD /* KeychainAccessGroups.plist */; };
		C890D7731D0D50090078E4AD /* YKeychain.m in Sources */ = {isa = PBXBuildFile; fileRef = C890D7721D0D50090078E4AD /* YKeychain.m */; };
		C890D7761D0D5F9E0078E4AD /* YTestObject.m in Sources */ = {isa = PBXBuildFile; fileRef = C890D7751D0D5F9E0078E4AD /* YTestObject.m */; };
/* End PBXBuildFile section */

/* Begin PBXFileReference section */
		C890D7551D0D4F780078E4AD /* YKeychainDemo.app */ = {isa = PBXFileReference; explicitFileType = wrapper.application; includeInIndex = 0; path = YKeychainDemo.app; sourceTree = BUILT_PRODUCTS_DIR; };
		C890D7591D0D4F780078E4AD /* main.m */ = {isa = PBXFileReference; lastKnownFileType = sourcecode.c.objc; path = main.m; sourceTree = "<group>"; };
		C890D75B1D0D4F790078E4AD /* AppDelegate.h */ = {isa = PBXFileReference; lastKnownFileType = sourcecode.c.h; path = AppDelegate.h; sourceTree = "<group>"; };
		C890D75C1D0D4F790078E4AD /* AppDelegate.m */ = {isa = PBXFileReference; lastKnownFileType = sourcecode.c.objc; path = AppDelegate.m; sourceTree = "<group>"; };
		C890D75E1D0D4F790078E4AD /* ViewController.h */ = {isa = PBXFileReference; lastKnownFileType = sourcecode.c.h; path = ViewController.h; sourceTree = "<group>"; };
		C890D75F1D0D4F790078E4AD /* ViewController.m */ = {isa = PBXFileReference; lastKnownFileType = sourcecode.c.objc; path = ViewController.m; sourceTree = "<group>"; };
		C890D7621D0D4F790078E4AD /* Base */ = {isa = PBXFileReference; lastKnownFileType = file.storyboard; name = Base; path = Base.lproj/Main.storyboard; sourceTree = "<group>"; };
		C890D7641D0D4F790078E4AD /* Assets.xcassets */ = {isa = PBXFileReference; lastKnownFileType = folder.assetcatalog; path = Assets.xcassets; sourceTree = "<group>"; };
		C890D7671D0D4F790078E4AD /* Base */ = {isa = PBXFileReference; lastKnownFileType = file.storyboard; name = Base; path = Base.lproj/LaunchScreen.storyboard; sourceTree = "<group>"; };
		C890D7691D0D4F790078E4AD /* Info.plist */ = {isa = PBXFileReference; lastKnownFileType = text.plist.xml; path = Info.plist; sourceTree = "<group>"; };
		C890D76F1D0D4FB40078E4AD /* KeychainAccessGroups.plist */ = {isa = PBXFileReference; fileEncoding = 4; lastKnownFileType = text.plist.xml; path = KeychainAccessGroups.plist; sourceTree = "<group>"; };
		C890D7711D0D50090078E4AD /* YKeychain.h */ = {isa = PBXFileReference; fileEncoding = 4; lastKnownFileType = sourcecode.c.h; path = YKeychain.h; sourceTree = "<group>"; };
		C890D7721D0D50090078E4AD /* YKeychain.m */ = {isa = PBXFileReference; fileEncoding = 4; lastKnownFileType = sourcecode.c.objc; path = YKeychain.m; sourceTree = "<group>"; };
		C890D7741D0D5F9E0078E4AD /* YTestObject.h */ = {isa = PBXFileReference; fileEncoding = 4; lastKnownFileType = sourcecode.c.h; path = YTestObject.h; sourceTree = "<group>"; };
		C890D7751D0D5F9E0078E4AD /* YTestObject.m */ = {isa = PBXFileReference; fileEncoding = 4; lastKnownFileType = sourcecode.c.objc; path = YTestObject.m; sourceTree = "<group>"; };
/* End PBXFileReference section */

/* Begin PBXFrameworksBuildPhase section */
		C890D7521D0D4F780078E4AD /* Frameworks */ = {
			isa = PBXFrameworksBuildPhase;
			buildActionMask = 2147483647;
			files = (
			);
			runOnlyForDeploymentPostprocessing = 0;
		};
/* End PBXFrameworksBuildPhase section */

/* Begin PBXGroup section */
		C890D74C1D0D4F780078E4AD = {
			isa = PBXGroup;
			children = (
				C890D7711D0D50090078E4AD /* YKeychain.h */,
				C890D7721D0D50090078E4AD /* YKeychain.m */,
				C890D76F1D0D4FB40078E4AD /* KeychainAccessGroups.plist */,
				C890D7571D0D4F780078E4AD /* YKeychainDemo */,
				C890D7561D0D4F780078E4AD /* Products */,
			);
			sourceTree = "<group>";
		};
		C890D7561D0D4F780078E4AD /* Products */ = {
			isa = PBXGroup;
			children = (
				C890D7551D0D4F780078E4AD /* YKeychainDemo.app */,
			);
			name = Products;
			sourceTree = "<group>";
		};
		C890D7571D0D4F780078E4AD /* YKeychainDemo */ = {
			isa = PBXGroup;
			children = (
				C890D75B1D0D4F790078E4AD /* AppDelegate.h */,
				C890D75C1D0D4F790078E4AD /* AppDelegate.m */,
				C890D75E1D0D4F790078E4AD /* ViewController.h */,
				C890D75F1D0D4F790078E4AD /* ViewController.m */,
				C890D7741D0D5F9E0078E4AD /* YTestObject.h */,
				C890D7751D0D5F9E0078E4AD /* YTestObject.m */,
				C890D7611D0D4F790078E4AD /* Main.storyboard */,
				C890D7641D0D4F790078E4AD /* Assets.xcassets */,
				C890D7661D0D4F790078E4AD /* LaunchScreen.storyboard */,
				C890D7691D0D4F790078E4AD /* Info.plist */,
				C890D7581D0D4F780078E4AD /* Supporting Files */,
			);
			path = YKeychainDemo;
			sourceTree = "<group>";
		};
		C890D7581D0D4F780078E4AD /* Supporting Files */ = {
			isa = PBXGroup;
			children = (
				C890D7591D0D4F780078E4AD /* main.m */,
			);
			name = "Supporting Files";
			sourceTree = "<group>";
		};
/* End PBXGroup section */

/* Begin PBXNativeTarget section */
		C890D7541D0D4F780078E4AD /* YKeychainDemo */ = {
			isa = PBXNativeTarget;
			buildConfigurationList = C890D76C1D0D4F790078E4AD /* Build configuration list for PBXNativeTarget "YKeychainDemo" */;
			buildPhases = (
				C890D7511D0D4F780078E4AD /* Sources */,
				C890D7521D0D4F780078E4AD /* Frameworks */,
				C890D7531D0D4F780078E4AD /* Resources */,
			);
			buildRules = (
			);
			dependencies = (
			);
			name = YKeychainDemo;
			productName = YKeychainDemo;
			productReference = C890D7551D0D4F780078E4AD /* YKeychainDemo.app */;
			productType = "com.apple.product-type.application";
		};
/* End PBXNativeTarget section */

/* Begin PBXProject section */
		C890D74D1D0D4F780078E4AD /* Project object */ = {
			isa = PBXProject;
			attributes = {
				LastUpgradeCheck = 0730;
				ORGANIZATIONNAME = yxw;
				TargetAttributes = {
					C890D7541D0D4F780078E4AD = {
						CreatedOnToolsVersion = 7.3.1;
					};
				};
			};
			buildConfigurationList = C890D7501D0D4F780078E4AD /* Build configuration list for PBXProject "YKeychainDemo" */;
			compatibilityVersion = "Xcode 3.2";
			developmentRegion = English;
			hasScannedForEncodings = 0;
			knownRegions = (
				en,
				Base,
			);
			mainGroup = C890D74C1D0D4F780078E4AD;
			productRefGroup = C890D7561D0D4F780078E4AD /* Products */;
			projectDirPath = "";
			projectRoot = "";
			targets = (
				C890D7541D0D4F780078E4AD /* YKeychainDemo */,
			);
		};
/* End PBXProject section */

/* Begin PBXResourcesBuildPhase section */
		C890D7531D0D4F780078E4AD /* Resources */ = {
			isa = PBXResourcesBuildPhase;
			buildActionMask = 2147483647;
			files = (
				C890D7681D0D4F790078E4AD /* LaunchScreen.storyboard in Resources */,
				C890D7651D0D4F790078E4AD /* Assets.xcassets in Resources */,
				C890D7701D0D4FB40078E4AD /* KeychainAccessGroups.plist in Resources */,
				C890D7631D0D4F790078E4AD /* Main.storyboard in Resources */,
			);
			runOnlyForDeploymentPostprocessing = 0;
		};
/* End PBXResourcesBuildPhase section */

/* Begin PBXSourcesBuildPhase section */
		C890D7511D0D4F780078E4AD /* Sources */ = {
			isa = PBXSourcesBuildPhase;
			buildActionMask = 2147483647;
			files = (
				C890D7601D0D4F790078E4AD /* ViewController.m in Sources */,
				C890D75D1D0D4F790078E4AD /* AppDelegate.m in Sources */,
				C890D75A1D0D4F780078E4AD /* main.m in Sources */,
				C890D7761D0D5F9E0078E4AD /* YTestObject.m in Sources */,
				C890D7731D0D50090078E4AD /* YKeychain.m in Sources */,
			);
			runOnlyForDeploymentPostprocessing = 0;
		};
/* End PBXSourcesBuildPhase section */

/* Begin PBXVariantGroup section */
		C890D7611D0D4F790078E4AD /* Main.storyboard */ = {
			isa = PBXVariantGroup;
			children = (
				C890D7621D0D4F790078E4AD /* Base */,
			);
			name = Main.storyboard;
			sourceTree = "<group>";
		};
		C890D7661D0D4F790078E4AD /* LaunchScreen.storyboard */ = {
			isa = PBXVariantGroup;
			children = (
				C890D7671D0D4F790078E4AD /* Base */,
			);
			name = LaunchScreen.storyboard;
			sourceTree = "<group>";
		};
/* End PBXVariantGroup section */

/* Begin XCBuildConfiguration section */
		C890D76A1D0D4F790078E4AD /* Debug */ = {
			isa = XCBuildConfiguration;
			buildSettings = {
				ALWAYS_SEARCH_USER_PATHS = NO;
				CLANG_ANALYZER_NONNULL = YES;
				CLANG_CXX_LANGUAGE_STANDARD = "gnu++0x";
				CLANG_CXX_LIBRARY = "libc++";
				CLANG_ENABLE_MODULES = YES;
				CLANG_ENABLE_OBJC_ARC = YES;
				CLANG_WARN_BOOL_CONVERSION = YES;
				CLANG_WARN_CONSTANT_CONVERSION = YES;
				CLANG_WARN_DIRECT_OBJC_ISA_USAGE = YES_ERROR;
				CLANG_WARN_EMPTY_BODY = YES;
				CLANG_WARN_ENUM_CONVERSION = YES;
				CLANG_WARN_INT_CONVERSION = YES;
				CLANG_WARN_OBJC_ROOT_CLASS = YES_ERROR;
				CLANG_WARN_UNREACHABLE_CODE = YES;
				CLANG_WARN__DUPLICATE_METHOD_MATCH = YES;
				"CODE_SIGN_IDENTITY[sdk=iphoneos*]" = "iPhone Developer";
				COPY_PHASE_STRIP = NO;
				DEBUG_INFORMATION_FORMAT = dwarf;
				ENABLE_STRICT_OBJC_MSGSEND = YES;
				ENABLE_TESTABILITY = YES;
				GCC_C_LANGUAGE_STANDARD = gnu99;
				GCC_DYNAMIC_NO_PIC = NO;
				GCC_NO_COMMON_BLOCKS = YES;
				GCC_OPTIMIZATION_LEVEL = 0;
				GCC_PREPROCESSOR_DEFINITIONS = (
					"DEBUG=1",
					"$(inherited)",
				);
				GCC_WARN_64_TO_32_BIT_CONVERSION = YES;
				GCC_WARN_ABOUT_RETURN_TYPE = YES_ERROR;
				GCC_WARN_UNDECLARED_SELECTOR = YES;
				GCC_WARN_UNINITIALIZED_AUTOS = YES_AGGRESSIVE;
				GCC_WARN_UNUSED_FUNCTION = YES;
				GCC_WARN_UNUSED_VARIABLE = YES;
				IPHONEOS_DEPLOYMENT_TARGET = 9.3;
				MTL_ENABLE_DEBUG_INFO = YES;
				ONLY_ACTIVE_ARCH = YES;
				SDKROOT = iphoneos;
			};
			name = Debug;
		};
		C890D76B1D0D4F790078E4AD /* Release */ = {
			isa = XCBuildConfiguration;
			buildSettings = {
				ALWAYS_SEARCH_USER_PATHS = NO;
				CLANG_ANALYZER_NONNULL = YES;
				CLANG_CXX_LANGUAGE_STANDARD = "gnu++0x";
				CLANG_CXX_LIBRARY = "libc++";
				CLANG_ENABLE_MODULES = YES;
				CLANG_ENABLE_OBJC_ARC = YES;
				CLANG_WARN_BOOL_CONVERSION = YES;
				CLANG_WARN_CONSTANT_CONVERSION = YES;
				CLANG_WARN_DIRECT_OBJC_ISA_USAGE = YES_ERROR;
				CLANG_WARN_EMPTY_BODY = YES;
				CLANG_WARN_ENUM_CONVERSION = YES;
				CLANG_WARN_INT_CONVERSION = YES;
				CLANG_WARN_OBJC_ROOT_CLASS = YES_ERROR;
				CLANG_WARN_UNREACHABLE_CODE = YES;
				CLANG_WARN__DUPLICATE_METHOD_MATCH = YES;
				"CODE_SIGN_IDENTITY[sdk=iphoneos*]" = "iPhone Developer";
				COPY_PHASE_STRIP = NO;
				DEBUG_INFORMATION_FORMAT = "dwarf-with-dsym";
				ENABLE_NS_ASSERTIONS = NO;
				ENABLE_STRICT_OBJC_MSGSEND = YES;
				GCC_C_LANGUAGE_STANDARD = gnu99;
				GCC_NO_COMMON_BLOCKS = YES;
				GCC_WARN_64_TO_32_BIT_CONVERSION = YES;
				GCC_WARN_ABOUT_RETURN_TYPE = YES_ERROR;
				GCC_WARN_UNDECLARED_SELECTOR = YES;
				GCC_WARN_UNINITIALIZED_AUTOS = YES_AGGRESSIVE;
				GCC_WARN_UNUSED_FUNCTION = YES;
				GCC_WARN_UNUSED_VARIABLE = YES;
				IPHONEOS_DEPLOYMENT_TARGET = 9.3;
				MTL_ENABLE_DEBUG_INFO = NO;
				SDKROOT = iphoneos;
				VALIDATE_PRODUCT = YES;
			};
			name = Release;
		};
		C890D76D1D0D4F790078E4AD /* Debug */ = {
			isa = XCBuildConfiguration;
			buildSettings = {
				ASSETCATALOG_COMPILER_APPICON_NAME = AppIcon;
				INFOPLIST_FILE = YKeychainDemo/Info.plist;
				LD_RUNPATH_SEARCH_PATHS = "$(inherited) @executable_path/Frameworks";
				PRODUCT_BUNDLE_IDENTIFIER = com.adsmart.YKeychainDemo;
				PRODUCT_NAME = "$(TARGET_NAME)";
			};
			name = Debug;
		};
		C890D76E1D0D4F790078E4AD /* Release */ = {
			isa = XCBuildConfiguration;
			buildSettings = {
				ASSETCATALOG_COMPILER_APPICON_NAME = AppIcon;
				INFOPLIST_FILE = YKeychainDemo/Info.plist;
				LD_RUNPATH_SEARCH_PATHS = "$(inherited) @executable_path/Frameworks";
				PRODUCT_BUNDLE_IDENTIFIER = com.adsmart.YKeychainDemo;
				PRODUCT_NAME = "$(TARGET_NAME)";
			};
			name = Release;
		};
/* End XCBuildConfiguration section */

/* Begin XCConfigurationList section */
		C890D7501D0D4F780078E4AD /* Build configuration list for PBXProject "YKeychainDemo" */ = {
			isa = XCConfigurationList;
			buildConfigurations = (
				C890D76A1D0D4F790078E4AD /* Debug */,
				C890D76B1D0D4F790078E4AD /* Release */,
			);
			defaultConfigurationIsVisible = 0;
			defaultConfigurationName = Release;
		};
		C890D76C1D0D4F790078E4AD /* Build configuration list for PBXNativeTarget "YKeychainDemo" */ = {
			isa = XCConfigurationList;
			buildConfigurations = (
				C890D76D1D0D4F790078E4AD /* Debug */,
				C890D76E1D0D4F790078E4AD /* Release */,
			);
			defaultConfigurationIsVisible = 0;
		};
/* End XCConfigurationList section */
	};
	rootObject = C890D74D1D0D4F780078E4AD /* Project object */;
}
